{
<<<<<<< HEAD
  "requires": true,
  "lockfileVersion": 1,
  "dependencies": {
    "10": {
      "version": "0.0.1",
      "resolved": "https://registry.npmjs.org/10/-/10-0.0.1.tgz",
      "integrity": "sha1-dpElm1QaWkKJ8+CfSjVrIr5M/yA="
    }
  }
=======
  "name": "week02-react-repo",
  "version": "1.0.0",
  "lockfileVersion": 1
>>>>>>> f421b18fcfc156e8e98072a95f6f2879ec871c5c
}
